<?xml version="1.0" encoding="UTF-8" standalone="yes" ?>
<CodeBlocks_project_file>
	<FileVersion major="1" minor="6" />
	<Project>
		<Option title="TowerGame" />
		<Option pch_mode="2" />
		<Option compiler="gcc" />
		<Build>
			<Target title="Debug">
				<Option output="bin/Debug/TowerGame" prefix_auto="1" extension_auto="1" />
				<Option object_output="obj/Debug/" />
				<Option type="1" />
				<Option compiler="gcc" />
				<Compiler>
					<Add option="-g" />
				</Compiler>
				<Linker>
					<Add library="C:/allegro-mingw-gcc6.2.0-x86-static-5.2.2/allegro/lib/liballegro_monolith-debug.dll.a" />
				</Linker>
			</Target>
			<Target title="Release">
				<Option output="bin/Release/TowerGame" prefix_auto="1" extension_auto="1" />
				<Option object_output="obj/Release/" />
				<Option type="1" />
				<Option compiler="gcc" />
				<Compiler>
					<Add option="-O2" />
				</Compiler>
				<Linker>
					<Add option="-s" />
					<Add library="C:/allegro-mingw-gcc6.2.0-x86-static-5.2.2/allegro/lib/liballegro_monolith.dll.a" />
				</Linker>
			</Target>
		</Build>
		<Compiler>
			<Add option="-Wall" />
			<Add option="-fexceptions" />
			<Add directory="C:/allegro-mingw-gcc6.2.0-x86-static-5.2.2/allegro/include/" />
		</Compiler>
		<Linker>
			<Add directory="C:/allegro-mingw-gcc6.2.0-x86-static-5.2.2/allegro/lib/" />
		</Linker>
		<Unit filename="Allegro5Exception.cpp" />
		<Unit filename="Allegro5Exception.hpp" />
		<Unit filename="AmplifierTurret.cpp" />
		<Unit filename="AmplifierTurret.hpp" />
		<Unit filename="AudioHelper.cpp" />
		<Unit filename="AudioHelper.hpp" />
		<Unit filename="Bullet.cpp" />
		<Unit filename="Bullet.hpp" />
		<Unit filename="Collider.cpp" />
		<Unit filename="Collider.hpp" />
		<Unit filename="DiceEnemy.cpp" />
		<Unit filename="DiceEnemy.hpp" />
		<Unit filename="DiceEnemy1.cpp" />
		<Unit filename="DiceEnemy1.hpp" />
		<Unit filename="DirtyEffect.cpp" />
		<Unit filename="DirtyEffect.hpp" />
		<Unit filename="DoubleMachineGunTurret.cpp" />
		<Unit filename="DoubleMachineGunTurret.hpp" />
		<Unit filename="Enemy.cpp" />
		<Unit filename="Enemy.hpp" />
		<Unit filename="ExplosionEffect.cpp" />
		<Unit filename="ExplosionEffect.hpp" />
		<Unit filename="GameEngine.cpp" />
		<Unit filename="GameEngine.hpp" />
		<Unit filename="Group.cpp" />
		<Unit filename="Group.hpp" />
		<Unit filename="IControl.cpp" />
		<Unit filename="IControl.hpp" />
		<Unit filename="IObject.cpp" />
		<Unit filename="IObject.hpp" />
		<Unit filename="IScene.cpp" />
		<Unit filename="IScene.hpp" />
		<Unit filename="Image.cpp" />
		<Unit filename="Image.hpp" />
		<Unit filename="ImageButton.cpp" />
		<Unit filename="ImageButton.hpp" />
		<Unit filename="LOG.cpp" />
		<Unit filename="LOG.hpp" />
		<Unit filename="Label.cpp" />
		<Unit filename="Label.hpp" />
		<Unit filename="LoseScene.cpp" />
		<Unit filename="LoseScene.hpp" />
		<Unit filename="MachineGunTurret.cpp" />
		<Unit filename="MachineGunTurret.hpp" />
		<Unit filename="MetalBullet.cpp" />
		<Unit filename="MetalBullet.hpp" />
		<Unit filename="MeteorHammerTurret.cpp" />
		<Unit filename="MeteorHammerTurret.hpp" />
		<Unit filename="NTHU_I2P_MiniProject2.entitlements" />
		<Unit filename="Plane.cpp" />
		<Unit filename="Plane.hpp" />
		<Unit filename="PlayScene.cpp" />
		<Unit filename="PlayScene.hpp" />
		<Unit filename="PlugGunTurret.cpp" />
		<Unit filename="PlugGunTurret.hpp" />
		<Unit filename="Point.cpp" />
		<Unit filename="Point.hpp" />
		<Unit filename="RedNormalEnemy.cpp" />
		<Unit filename="RedNormalEnemy.hpp" />
		<Unit filename="Resources.cpp" />
		<Unit filename="Resources.hpp" />
		<Unit filename="RotatedBullet.cpp" />
		<Unit filename="RotatedBullet.hpp" />
		<Unit filename="SettingScene.cpp" />
		<Unit filename="SettingScene.hpp" />
		<Unit filename="Shifter.cpp" />
		<Unit filename="Shifter.hpp" />
		<Unit filename="ShootEffect.cpp" />
		<Unit filename="ShootEffect.hpp" />
		<Unit filename="Shovel.cpp" />
		<Unit filename="Shovel.hpp" />
		<Unit filename="Slider.cpp" />
		<Unit filename="Slider.hpp" />
		<Unit filename="Sprite.cpp" />
		<Unit filename="Sprite.hpp" />
		<Unit filename="StageSelectScene.cpp" />
		<Unit filename="StageSelectScene.hpp" />
		<Unit filename="StartScene.cpp" />
		<Unit filename="StartScene.hpp" />
		<Unit filename="TowerGame.cbp" />
		<Unit filename="TowerGame.depend" />
		<Unit filename="TowerGame.layout" />
		<Unit filename="Turret.cpp" />
		<Unit filename="Turret.hpp" />
		<Unit filename="TurretButton.cpp" />
		<Unit filename="TurretButton.hpp" />
		<Unit filename="ViewController.h" />
		<Unit filename="ViewController.m" />
		<Unit filename="WinScene.cpp" />
		<Unit filename="WinScene.hpp" />
		<Unit filename="WoodBullet.cpp" />
		<Unit filename="WoodBullet.hpp" />
		<Unit filename="allegro.log" />
		<Unit filename="main.cpp" />
		<Unit filename="resources/audios/astronomia.ogg" />
		<Unit filename="resources/audios/explosion.wav" />
		<Unit filename="resources/audios/gun.wav" />
		<Unit filename="resources/audios/happy.ogg" />
		<Unit filename="resources/audios/laser.wav" />
		<Unit filename="resources/audios/lose.wav" />
		<Unit filename="resources/audios/missile.wav" />
		<Unit filename="resources/audios/play.ogg" />
		<Unit filename="resources/audios/select.ogg" />
		<Unit filename="resources/audios/shockwave.ogg" />
		<Unit filename="resources/audios/win.wav" />
		<Unit filename="resources/enemy1.txt" />
		<Unit filename="resources/enemy2.txt" />
		<Unit filename="resources/enemy3.txt" />
		<Unit filename="resources/fonts/pirulen.ttf" />
		<Unit filename="resources/images/icon.png" />
		<Unit filename="resources/images/lose/benjamin-happy.png" />
		<Unit filename="resources/images/play/benjamin.png" />
		<Unit filename="resources/images/play/bullet-1.png" />
		<Unit filename="resources/images/play/bullet-10.png" />
		<Unit filename="resources/images/play/bullet-2.png" />
		<Unit filename="resources/images/play/bullet-3.png" />
		<Unit filename="resources/images/play/bullet-4.png" />
		<Unit filename="resources/images/play/bullet-5.png" />
		<Unit filename="resources/images/play/bullet-6.png" />
		<Unit filename="resources/images/play/bullet-7.png" />
		<Unit filename="resources/images/play/bullet-8.png" />
		<Unit filename="resources/images/play/bullet-9.png" />
		<Unit filename="resources/images/play/dice-1.png" />
		<Unit filename="resources/images/play/dice-2.png" />
		<Unit filename="resources/images/play/dice-3.png" />
		<Unit filename="resources/images/play/dice-4.png" />
		<Unit filename="resources/images/play/dice-5.png" />
		<Unit filename="resources/images/play/dice-6.png" />
		<Unit filename="resources/images/play/dirt.png" />
		<Unit filename="resources/images/play/dirty-1.png" />
		<Unit filename="resources/images/play/dirty-2.png" />
		<Unit filename="resources/images/play/dirty-3.png" />
		<Unit filename="resources/images/play/enemy-1.png" />
		<Unit filename="resources/images/play/enemy-10.png" />
		<Unit filename="resources/images/play/enemy-11.png" />
		<Unit filename="resources/images/play/enemy-2.png" />
		<Unit filename="resources/images/play/enemy-3-head.png" />
		<Unit filename="resources/images/play/enemy-3.png" />
		<Unit filename="resources/images/play/enemy-4.png" />
		<Unit filename="resources/images/play/enemy-5.png" />
		<Unit filename="resources/images/play/enemy-6.png" />
		<Unit filename="resources/images/play/enemy-7.png" />
		<Unit filename="resources/images/play/enemy-8.png" />
		<Unit filename="resources/images/play/enemy-9.png" />
		<Unit filename="resources/images/play/explosion-1.png" />
		<Unit filename="resources/images/play/explosion-2.png" />
		<Unit filename="resources/images/play/explosion-3.png" />
		<Unit filename="resources/images/play/explosion-4.png" />
		<Unit filename="resources/images/play/explosion-5.png" />
		<Unit filename="resources/images/play/floor.png" />
		<Unit filename="resources/images/play/light-1.png" />
		<Unit filename="resources/images/play/light-10.png" />
		<Unit filename="resources/images/play/light-2.png" />
		<Unit filename="resources/images/play/light-3.png" />
		<Unit filename="resources/images/play/light-4.png" />
		<Unit filename="resources/images/play/light-5.png" />
		<Unit filename="resources/images/play/light-6.png" />
		<Unit filename="resources/images/play/light-7.png" />
		<Unit filename="resources/images/play/light-8.png" />
		<Unit filename="resources/images/play/light-9.png" />
		<Unit filename="resources/images/play/plane.png" />
		<Unit filename="resources/images/play/sand.png" />
		<Unit filename="resources/images/play/shockwave.png" />
		<Unit filename="resources/images/play/shoot-1.png" />
		<Unit filename="resources/images/play/shoot-2.png" />
		<Unit filename="resources/images/play/shoot-3.png" />
		<Unit filename="resources/images/play/shoot-4.png" />
		<Unit filename="resources/images/play/target-invalid.png" />
		<Unit filename="resources/images/play/target.png" />
		<Unit filename="resources/images/play/tower-base.png" />
		<Unit filename="resources/images/play/turret-1.png" />
		<Unit filename="resources/images/play/turret-2.png" />
		<Unit filename="resources/images/play/turret-3.png" />
		<Unit filename="resources/images/play/turret-4.png" />
		<Unit filename="resources/images/play/turret-5.png" />
		<Unit filename="resources/images/play/turret-6.png" />
		<Unit filename="resources/images/play/turret-7.png" />
		<Unit filename="resources/images/stage-select/bar.png" />
		<Unit filename="resources/images/stage-select/dirt.png" />
		<Unit filename="resources/images/stage-select/end.png" />
		<Unit filename="resources/images/stage-select/floor.png" />
		<Unit filename="resources/images/stage-select/slider-blue.png" />
		<Unit filename="resources/images/stage-select/slider.png" />
		<Unit filename="resources/images/start_scene/in.png" />
		<Unit filename="resources/images/start_scene/out.png" />
		<Unit filename="resources/images/win/benjamin-sad.png" />
		<Unit filename="resources/images/win/dirt.png" />
		<Unit filename="resources/images/win/floor.png" />
		<Unit filename="resources/map1.txt" />
		<Unit filename="resources/map2.txt" />
		<Extensions>
			<lib_finder disable_auto="1" />
		</Extensions>
	</Project>
</CodeBlocks_project_file>
